
Microsoft Visual Studio Solution File, Format Version 12.00
# Visual Studio Version 16
VisualStudioVersion = 16.0.30503.244
MinimumVisualStudioVersion = 10.0.40219.1
Project("{FAE04EC0-301F-11D3-BF4B-00C04F79EFBC}") = "HoFin_WF_NetCore", "HoFin_WF_NetCore\HoFin_WF_NetCore.csproj", "{F2ECA5C4-2B4B-444D-BC56-7287F7DAD307}"
EndProject
Global
	GlobalSection(SolutionConfigurationPlatforms) = preSolution
		Debug|Any CPU = Debug|Any CPU
		Release|Any CPU = Release|Any CPU
	EndGlobalSection
	GlobalSection(ProjectConfigurationPlatforms) = postSolution
		{F2ECA5C4-2B4B-444D-BC56-7287F7DAD307}.Debug|Any CPU.ActiveCfg = Debug|Any CPU
		{F2ECA5C4-2B4B-444D-BC56-7287F7DAD307}.Debug|Any CPU.Build.0 = Debug|Any CPU
		{F2ECA5C4-2B4B-444D-BC56-7287F7DAD307}.Release|Any CPU.ActiveCfg = Release|Any CPU
		{F2ECA5C4-2B4B-444D-BC56-7287F7DAD307}.Release|Any CPU.Build.0 = Release|Any CPU
	EndGlobalSection
	GlobalSection(SolutionProperties) = preSolution
		HideSolutionNode = FALSE
	EndGlobalSection
	GlobalSection(ExtensibilityGlobals) = postSolution
		SolutionGuid = {5EBE081F-4B50-462A-90D3-4B77E51F88A5}
	EndGlobalSection
EndGlobal
